// !$*UTF8*$!
{
	archiveVersion = 1;
	classes = {
	};
	objectVersion = 46;
	objects = {

/* Begin PBXBuildFile section */
		8E2CE4D01DAF0E3600F0850C /* JSO.m in Sources */ = {isa = PBXBuildFile; fileRef = 8E2CE4CF1DAF0E3600F0850C /* JSO.m */; };
		8E6F7A461DD5DF7F00E0858D /* AppDelegate.m in Sources */ = {isa = PBXBuildFile; fileRef = 8E6F7A3E1DD5DF7F00E0858D /* AppDelegate.m */; };
		8E6F7A471DD5DF7F00E0858D /* Assets.xcassets in Resources */ = {isa = PBXBuildFile; fileRef = 8E6F7A3F1DD5DF7F00E0858D /* Assets.xcassets */; };
		8E6F7A481DD5DF7F00E0858D /* gvim.gitignore.bat in Resources */ = {isa = PBXBuildFile; fileRef = 8E6F7A401DD5DF7F00E0858D /* gvim.gitignore.bat */; };
		8E6F7A491DD5DF7F00E0858D /* Info.plist in Resources */ = {isa = PBXBuildFile; fileRef = 8E6F7A411DD5DF7F00E0858D /* Info.plist */; };
		8E6F7A4A1DD5DF7F00E0858D /* LaunchScreen.storyboard in Resources */ = {isa = PBXBuildFile; fileRef = 8E6F7A421DD5DF7F00E0858D /* LaunchScreen.storyboard */; };
		8E6F7A4B1DD5DF7F00E0858D /* main.m in Sources */ = {isa = PBXBuildFile; fileRef = 8E6F7A431DD5DF7F00E0858D /* main.m */; };
		8E6F7A4C1DD5DF7F00E0858D /* MainViewController.m in Sources */ = {isa = PBXBuildFile; fileRef = 8E6F7A451DD5DF7F00E0858D /* MainViewController.m */; };
/* End PBXBuildFile section */

/* Begin PBXFileReference section */
		1F16DAAE1D95283A00C23138 /* proj-ios-jso-dev.app */ = {isa = PBXFileReference; explicitFileType = wrapper.application; includeInIndex = 0; path = "proj-ios-jso-dev.app"; sourceTree = BUILT_PRODUCTS_DIR; };
		8E2CE4CF1DAF0E3600F0850C /* JSO.m */ = {isa = PBXFileReference; fileEncoding = 4; lastKnownFileType = sourcecode.c.objc; name = JSO.m; path = ../JSO.m; sourceTree = "<group>"; };
		8E2CE4D11DAF0E4000F0850C /* JSO.h */ = {isa = PBXFileReference; fileEncoding = 4; lastKnownFileType = sourcecode.c.h; name = JSO.h; path = ../JSO.h; sourceTree = "<group>"; };
		8E6F7A3D1DD5DF7F00E0858D /* AppDelegate.h */ = {isa = PBXFileReference; fileEncoding = 4; lastKnownFileType = sourcecode.c.h; path = AppDelegate.h; sourceTree = SOURCE_ROOT; };
		8E6F7A3E1DD5DF7F00E0858D /* AppDelegate.m */ = {isa = PBXFileReference; fileEncoding = 4; lastKnownFileType = sourcecode.c.objc; path = AppDelegate.m; sourceTree = SOURCE_ROOT; };
		8E6F7A3F1DD5DF7F00E0858D /* Assets.xcassets */ = {isa = PBXFileReference; lastKnownFileType = folder.assetcatalog; path = Assets.xcassets; sourceTree = SOURCE_ROOT; };
		8E6F7A401DD5DF7F00E0858D /* gvim.gitignore.bat */ = {isa = PBXFileReference; fileEncoding = 4; lastKnownFileType = text; path = gvim.gitignore.bat; sourceTree = SOURCE_ROOT; };
		8E6F7A411DD5DF7F00E0858D /* Info.plist */ = {isa = PBXFileReference; fileEncoding = 4; lastKnownFileType = text.plist.xml; path = Info.plist; sourceTree = SOURCE_ROOT; };
		8E6F7A421DD5DF7F00E0858D /* LaunchScreen.storyboard */ = {isa = PBXFileReference; fileEncoding = 4; lastKnownFileType = file.storyboard; path = LaunchScreen.storyboard; sourceTree = SOURCE_ROOT; };
		8E6F7A431DD5DF7F00E0858D /* main.m */ = {isa = PBXFileReference; fileEncoding = 4; lastKnownFileType = sourcecode.c.objc; path = main.m; sourceTree = SOURCE_ROOT; };
		8E6F7A441DD5DF7F00E0858D /* MainViewController.h */ = {isa = PBXFileReference; fileEncoding = 4; lastKnownFileType = sourcecode.c.h; path = MainViewController.h; sourceTree = SOURCE_ROOT; };
		8E6F7A451DD5DF7F00E0858D /* MainViewController.m */ = {isa = PBXFileReference; fileEncoding = 4; lastKnownFileType = sourcecode.c.objc; path = MainViewController.m; sourceTree = SOURCE_ROOT; };
/* End PBXFileReference section */

/* Begin PBXFrameworksBuildPhase section */
		1F16DAAB1D95283A00C23138 /* Frameworks */ = {
			isa = PBXFrameworksBuildPhase;
			buildActionMask = 2147483647;
			files = (
			);
			runOnlyForDeploymentPostprocessing = 0;
		};
/* End PBXFrameworksBuildPhase section */

/* Begin PBXGroup section */
		1F16DAA51D95283A00C23138 = {
			isa = PBXGroup;
			children = (
				8E6F7A4E1DD5E05400E0858D /* JSO */,
				1F16DAB01D95283A00C23138 /* src */,
				1F16DAAF1D95283A00C23138 /* Products */,
				8E6F7A4D1DD5E02800E0858D /* Support */,
			);
			sourceTree = "<group>";
		};
		1F16DAAF1D95283A00C23138 /* Products */ = {
			isa = PBXGroup;
			children = (
				1F16DAAE1D95283A00C23138 /* proj-ios-jso-dev.app */,
			);
			name = Products;
			sourceTree = "<group>";
		};
		1F16DAB01D95283A00C23138 /* src */ = {
			isa = PBXGroup;
			children = (
				8E6F7A3D1DD5DF7F00E0858D /* AppDelegate.h */,
				8E6F7A3E1DD5DF7F00E0858D /* AppDelegate.m */,
				8E6F7A421DD5DF7F00E0858D /* LaunchScreen.storyboard */,
				8E6F7A431DD5DF7F00E0858D /* main.m */,
				8E6F7A441DD5DF7F00E0858D /* MainViewController.h */,
				8E6F7A451DD5DF7F00E0858D /* MainViewController.m */,
			);
			name = src;
			path = "proj-ios-jso-dev";
			sourceTree = "<group>";
		};
		8E6F7A4D1DD5E02800E0858D /* Support */ = {
			isa = PBXGroup;
			children = (
				8E6F7A401DD5DF7F00E0858D /* gvim.gitignore.bat */,
				8E6F7A411DD5DF7F00E0858D /* Info.plist */,
				8E6F7A3F1DD5DF7F00E0858D /* Assets.xcassets */,
			);
			name = Support;
			path = "proj-ios-jso-dev";
			sourceTree = "<group>";
		};
		8E6F7A4E1DD5E05400E0858D /* JSO */ = {
			isa = PBXGroup;
			children = (
				8E2CE4D11DAF0E4000F0850C /* JSO.h */,
				8E2CE4CF1DAF0E3600F0850C /* JSO.m */,
			);
			name = JSO;
			sourceTree = "<group>";
		};
/* End PBXGroup section */

/* Begin PBXNativeTarget section */
		1F16DAAD1D95283A00C23138 /* proj-ios-jso-dev */ = {
			isa = PBXNativeTarget;
			buildConfigurationList = 1F16DADB1D95283B00C23138 /* Build configuration list for PBXNativeTarget "proj-ios-jso-dev" */;
			buildPhases = (
				1F16DAAA1D95283A00C23138 /* Sources */,
				1F16DAAB1D95283A00C23138 /* Frameworks */,
				1F16DAAC1D95283A00C23138 /* Resources */,
			);
			buildRules = (
			);
			dependencies = (
			);
			name = "proj-ios-jso-dev";
			productName = "proj-ios-jso-dev";
			productReference = 1F16DAAE1D95283A00C23138 /* proj-ios-jso-dev.app */;
			productType = "com.apple.product-type.application";
		};
/* End PBXNativeTarget section */

/* Begin PBXProject section */
		1F16DAA61D95283A00C23138 /* Project object */ = {
			isa = PBXProject;
			attributes = {
				LastUpgradeCheck = 0730;
				ORGANIZATIONNAME = Cmptech;
				TargetAttributes = {
					1F16DAAD1D95283A00C23138 = {
						CreatedOnToolsVersion = 7.3;
					};
				};
			};
			buildConfigurationList = 1F16DAA91D95283A00C23138 /* Build configuration list for PBXProject "proj-ios-jso-dev" */;
			compatibilityVersion = "Xcode 3.2";
			developmentRegion = English;
			hasScannedForEncodings = 0;
			knownRegions = (
				en,
				Base,
			);
			mainGroup = 1F16DAA51D95283A00C23138;
			productRefGroup = 1F16DAAF1D95283A00C23138 /* Products */;
			projectDirPath = "";
			projectRoot = "";
			targets = (
				1F16DAAD1D95283A00C23138 /* proj-ios-jso-dev */,
			);
		};
/* End PBXProject section */

/* Begin PBXResourcesBuildPhase section */
		1F16DAAC1D95283A00C23138 /* Resources */ = {
			isa = PBXResourcesBuildPhase;
			buildActionMask = 2147483647;
			files = (
				8E6F7A491DD5DF7F00E0858D /* Info.plist in Resources */,
				8E6F7A481DD5DF7F00E0858D /* gvim.gitignore.bat in Resources */,
				8E6F7A471DD5DF7F00E0858D /* Assets.xcassets in Resources */,
				8E6F7A4A1DD5DF7F00E0858D /* LaunchScreen.storyboard in Resources */,
			);
			runOnlyForDeploymentPostprocessing = 0;
		};
/* End PBXResourcesBuildPhase section */

/* Begin PBXSourcesBuildPhase section */
		1F16DAAA1D95283A00C23138 /* Sources */ = {
			isa = PBXSourcesBuildPhase;
			buildActionMask = 2147483647;
			files = (
				8E2CE4D01DAF0E3600F0850C /* JSO.m in Sources */,
				8E6F7A4C1DD5DF7F00E0858D /* MainViewController.m in Sources */,
				8E6F7A4B1DD5DF7F00E0858D /* main.m in Sources */,
				8E6F7A461DD5DF7F00E0858D /* AppDelegate.m in Sources */,
			);
			runOnlyForDeploymentPostprocessing = 0;
		};
/* End PBXSourcesBuildPhase section */

/* Begin XCBuildConfiguration section */
		1F16DAD91D95283B00C23138 /* Debug */ = {
			isa = XCBuildConfiguration;
			buildSettings = {
				ALWAYS_SEARCH_USER_PATHS = NO;
				CLANG_ANALYZER_NONNULL = YES;
				CLANG_CXX_LANGUAGE_STANDARD = "gnu++0x";
				CLANG_CXX_LIBRARY = "libc++";
				CLANG_ENABLE_MODULES = YES;
				CLANG_ENABLE_OBJC_ARC = YES;
				CLANG_WARN_BOOL_CONVERSION = YES;
				CLANG_WARN_CONSTANT_CONVERSION = YES;
				CLANG_WARN_DIRECT_OBJC_ISA_USAGE = YES_ERROR;
				CLANG_WARN_EMPTY_BODY = YES;
				CLANG_WARN_ENUM_CONVERSION = YES;
				CLANG_WARN_INT_CONVERSION = YES;
				CLANG_WARN_OBJC_ROOT_CLASS = YES_ERROR;
				CLANG_WARN_UNREACHABLE_CODE = YES;
				CLANG_WARN__DUPLICATE_METHOD_MATCH = YES;
				"CODE_SIGN_IDENTITY[sdk=iphoneos*]" = "iPhone Developer";
				COPY_PHASE_STRIP = NO;
				DEBUG_INFORMATION_FORMAT = dwarf;
				ENABLE_STRICT_OBJC_MSGSEND = YES;
				ENABLE_TESTABILITY = YES;
				GCC_C_LANGUAGE_STANDARD = gnu99;
				GCC_DYNAMIC_NO_PIC = NO;
				GCC_NO_COMMON_BLOCKS = YES;
				GCC_OPTIMIZATION_LEVEL = 0;
				GCC_PREPROCESSOR_DEFINITIONS = (
					"DEBUG=1",
					"$(inherited)",
				);
				GCC_WARN_64_TO_32_BIT_CONVERSION = YES;
				GCC_WARN_ABOUT_RETURN_TYPE = YES_ERROR;
				GCC_WARN_UNDECLARED_SELECTOR = YES;
				GCC_WARN_UNINITIALIZED_AUTOS = YES_AGGRESSIVE;
				GCC_WARN_UNUSED_FUNCTION = YES;
				GCC_WARN_UNUSED_VARIABLE = YES;
				IPHONEOS_DEPLOYMENT_TARGET = 9.3;
				MTL_ENABLE_DEBUG_INFO = YES;
				ONLY_ACTIVE_ARCH = YES;
				SDKROOT = iphoneos;
				TARGETED_DEVICE_FAMILY = "1,2";
			};
			name = Debug;
		};
		1F16DADA1D95283B00C23138 /* Release */ = {
			isa = XCBuildConfiguration;
			buildSettings = {
				ALWAYS_SEARCH_USER_PATHS = NO;
				CLANG_ANALYZER_NONNULL = YES;
				CLANG_CXX_LANGUAGE_STANDARD = "gnu++0x";
				CLANG_CXX_LIBRARY = "libc++";
				CLANG_ENABLE_MODULES = YES;
				CLANG_ENABLE_OBJC_ARC = YES;
				CLANG_WARN_BOOL_CONVERSION = YES;
				CLANG_WARN_CONSTANT_CONVERSION = YES;
				CLANG_WARN_DIRECT_OBJC_ISA_USAGE = YES_ERROR;
				CLANG_WARN_EMPTY_BODY = YES;
				CLANG_WARN_ENUM_CONVERSION = YES;
				CLANG_WARN_INT_CONVERSION = YES;
				CLANG_WARN_OBJC_ROOT_CLASS = YES_ERROR;
				CLANG_WARN_UNREACHABLE_CODE = YES;
				CLANG_WARN__DUPLICATE_METHOD_MATCH = YES;
				"CODE_SIGN_IDENTITY[sdk=iphoneos*]" = "iPhone Developer";
				COPY_PHASE_STRIP = NO;
				DEBUG_INFORMATION_FORMAT = "dwarf-with-dsym";
				ENABLE_NS_ASSERTIONS = NO;
				ENABLE_STRICT_OBJC_MSGSEND = YES;
				GCC_C_LANGUAGE_STANDARD = gnu99;
				GCC_NO_COMMON_BLOCKS = YES;
				GCC_WARN_64_TO_32_BIT_CONVERSION = YES;
				GCC_WARN_ABOUT_RETURN_TYPE = YES_ERROR;
				GCC_WARN_UNDECLARED_SELECTOR = YES;
				GCC_WARN_UNINITIALIZED_AUTOS = YES_AGGRESSIVE;
				GCC_WARN_UNUSED_FUNCTION = YES;
				GCC_WARN_UNUSED_VARIABLE = YES;
				IPHONEOS_DEPLOYMENT_TARGET = 9.3;
				MTL_ENABLE_DEBUG_INFO = NO;
				SDKROOT = iphoneos;
				TARGETED_DEVICE_FAMILY = "1,2";
				VALIDATE_PRODUCT = YES;
			};
			name = Release;
		};
		1F16DADC1D95283B00C23138 /* Debug */ = {
			isa = XCBuildConfiguration;
			buildSettings = {
				ASSETCATALOG_COMPILER_APPICON_NAME = AppIcon;
				INFOPLIST_FILE = Info.plist;
				IPHONEOS_DEPLOYMENT_TARGET = 8.0;
				LD_RUNPATH_SEARCH_PATHS = "$(inherited) @executable_path/Frameworks";
				PRODUCT_BUNDLE_IDENTIFIER = "info.cmptech.proj-ios-jso-dev";
				PRODUCT_NAME = "$(TARGET_NAME)";
			};
			name = Debug;
		};
		1F16DADD1D95283B00C23138 /* Release */ = {
			isa = XCBuildConfiguration;
			buildSettings = {
				ASSETCATALOG_COMPILER_APPICON_NAME = AppIcon;
				INFOPLIST_FILE = Info.plist;
				IPHONEOS_DEPLOYMENT_TARGET = 8.0;
				LD_RUNPATH_SEARCH_PATHS = "$(inherited) @executable_path/Frameworks";
				PRODUCT_BUNDLE_IDENTIFIER = "info.cmptech.proj-ios-jso-dev";
				PRODUCT_NAME = "$(TARGET_NAME)";
			};
			name = Release;
		};
/* End XCBuildConfiguration section */

/* Begin XCConfigurationList section */
		1F16DAA91D95283A00C23138 /* Build configuration list for PBXProject "proj-ios-jso-dev" */ = {
			isa = XCConfigurationList;
			buildConfigurations = (
				1F16DAD91D95283B00C23138 /* Debug */,
				1F16DADA1D95283B00C23138 /* Release */,
			);
			defaultConfigurationIsVisible = 0;
			defaultConfigurationName = Release;
		};
		1F16DADB1D95283B00C23138 /* Build configuration list for PBXNativeTarget "proj-ios-jso-dev" */ = {
			isa = XCConfigurationList;
			buildConfigurations = (
				1F16DADC1D95283B00C23138 /* Debug */,
				1F16DADD1D95283B00C23138 /* Release */,
			);
			defaultConfigurationIsVisible = 0;
			defaultConfigurationName = Release;
		};
/* End XCConfigurationList section */
	};
	rootObject = 1F16DAA61D95283A00C23138 /* Project object */;
}
