// !$*UTF8*$!
{
	archiveVersion = 1;
	classes = {
	};
	objectVersion = 46;
	objects = {

/* Begin PBXBuildFile section */
		1F16DAB31D95283A00C23138 /* main.m in Sources */ = {isa = PBXBuildFile; fileRef = 1F16DAB21D95283A00C23138 /* main.m */; };
		1F16DAB61D95283A00C23138 /* AppDelegate.m in Sources */ = {isa = PBXBuildFile; fileRef = 1F16DAB51D95283A00C23138 /* AppDelegate.m */; };
		1F16DABE1D95283A00C23138 /* Assets.xcassets in Resources */ = {isa = PBXBuildFile; fileRef = 1F16DABD1D95283A00C23138 /* Assets.xcassets */; };
		1F16DAC11D95283A00C23138 /* LaunchScreen.storyboard in Resources */ = {isa = PBXBuildFile; fileRef = 1F16DABF1D95283A00C23138 /* LaunchScreen.storyboard */; };
		1F16DACC1D95283B00C23138 /* proj_ios_jso_devTests.m in Sources */ = {isa = PBXBuildFile; fileRef = 1F16DACB1D95283B00C23138 /* proj_ios_jso_devTests.m */; };
		1F16DAD71D95283B00C23138 /* proj_ios_jso_devUITests.m in Sources */ = {isa = PBXBuildFile; fileRef = 1F16DAD61D95283B00C23138 /* proj_ios_jso_devUITests.m */; };
		1F16DAE81D95284900C23138 /* JSO.m in Sources */ = {isa = PBXBuildFile; fileRef = 1F16DAE51D95284900C23138 /* JSO.m */; };
		1F16DAEC1D9528B000C23138 /* MainViewController.m in Sources */ = {isa = PBXBuildFile; fileRef = 1F16DAEB1D9528B000C23138 /* MainViewController.m */; };
/* End PBXBuildFile section */

/* Begin PBXContainerItemProxy section */
		1F16DAC81D95283B00C23138 /* PBXContainerItemProxy */ = {
			isa = PBXContainerItemProxy;
			containerPortal = 1F16DAA61D95283A00C23138 /* Project object */;
			proxyType = 1;
			remoteGlobalIDString = 1F16DAAD1D95283A00C23138;
			remoteInfo = "proj-ios-jso-dev";
		};
		1F16DAD31D95283B00C23138 /* PBXContainerItemProxy */ = {
			isa = PBXContainerItemProxy;
			containerPortal = 1F16DAA61D95283A00C23138 /* Project object */;
			proxyType = 1;
			remoteGlobalIDString = 1F16DAAD1D95283A00C23138;
			remoteInfo = "proj-ios-jso-dev";
		};
/* End PBXContainerItemProxy section */

/* Begin PBXFileReference section */
		1F16DAAE1D95283A00C23138 /* proj-ios-jso-dev.app */ = {isa = PBXFileReference; explicitFileType = wrapper.application; includeInIndex = 0; path = "proj-ios-jso-dev.app"; sourceTree = BUILT_PRODUCTS_DIR; };
		1F16DAB21D95283A00C23138 /* main.m */ = {isa = PBXFileReference; lastKnownFileType = sourcecode.c.objc; path = main.m; sourceTree = "<group>"; };
		1F16DAB41D95283A00C23138 /* AppDelegate.h */ = {isa = PBXFileReference; lastKnownFileType = sourcecode.c.h; path = AppDelegate.h; sourceTree = "<group>"; };
		1F16DAB51D95283A00C23138 /* AppDelegate.m */ = {isa = PBXFileReference; lastKnownFileType = sourcecode.c.objc; path = AppDelegate.m; sourceTree = "<group>"; };
		1F16DABD1D95283A00C23138 /* Assets.xcassets */ = {isa = PBXFileReference; lastKnownFileType = folder.assetcatalog; path = Assets.xcassets; sourceTree = "<group>"; };
		1F16DAC01D95283A00C23138 /* Base */ = {isa = PBXFileReference; lastKnownFileType = file.storyboard; name = Base; path = Base.lproj/LaunchScreen.storyboard; sourceTree = "<group>"; };
		1F16DAC21D95283A00C23138 /* Info.plist */ = {isa = PBXFileReference; lastKnownFileType = text.plist.xml; path = Info.plist; sourceTree = "<group>"; };
		1F16DAC71D95283B00C23138 /* proj-ios-jso-devTests.xctest */ = {isa = PBXFileReference; explicitFileType = wrapper.cfbundle; includeInIndex = 0; path = "proj-ios-jso-devTests.xctest"; sourceTree = BUILT_PRODUCTS_DIR; };
		1F16DACB1D95283B00C23138 /* proj_ios_jso_devTests.m */ = {isa = PBXFileReference; lastKnownFileType = sourcecode.c.objc; path = proj_ios_jso_devTests.m; sourceTree = "<group>"; };
		1F16DACD1D95283B00C23138 /* Info.plist */ = {isa = PBXFileReference; lastKnownFileType = text.plist.xml; path = Info.plist; sourceTree = "<group>"; };
		1F16DAD21D95283B00C23138 /* proj-ios-jso-devUITests.xctest */ = {isa = PBXFileReference; explicitFileType = wrapper.cfbundle; includeInIndex = 0; path = "proj-ios-jso-devUITests.xctest"; sourceTree = BUILT_PRODUCTS_DIR; };
		1F16DAD61D95283B00C23138 /* proj_ios_jso_devUITests.m */ = {isa = PBXFileReference; lastKnownFileType = sourcecode.c.objc; path = proj_ios_jso_devUITests.m; sourceTree = "<group>"; };
		1F16DAD81D95283B00C23138 /* Info.plist */ = {isa = PBXFileReference; lastKnownFileType = text.plist.xml; path = Info.plist; sourceTree = "<group>"; };
		1F16DAE41D95284900C23138 /* JSO.h */ = {isa = PBXFileReference; fileEncoding = 4; lastKnownFileType = sourcecode.c.h; path = JSO.h; sourceTree = "<group>"; };
		1F16DAE51D95284900C23138 /* JSO.m */ = {isa = PBXFileReference; fileEncoding = 4; lastKnownFileType = sourcecode.c.objc; path = JSO.m; sourceTree = "<group>"; };
		1F16DAEA1D9528B000C23138 /* MainViewController.h */ = {isa = PBXFileReference; fileEncoding = 4; lastKnownFileType = sourcecode.c.h; path = MainViewController.h; sourceTree = "<group>"; };
		1F16DAEB1D9528B000C23138 /* MainViewController.m */ = {isa = PBXFileReference; fileEncoding = 4; lastKnownFileType = sourcecode.c.objc; path = MainViewController.m; sourceTree = "<group>"; };
/* End PBXFileReference section */

/* Begin PBXFrameworksBuildPhase section */
		1F16DAAB1D95283A00C23138 /* Frameworks */ = {
			isa = PBXFrameworksBuildPhase;
			buildActionMask = 2147483647;
			files = (
			);
			runOnlyForDeploymentPostprocessing = 0;
		};
		1F16DAC41D95283B00C23138 /* Frameworks */ = {
			isa = PBXFrameworksBuildPhase;
			buildActionMask = 2147483647;
			files = (
			);
			runOnlyForDeploymentPostprocessing = 0;
		};
		1F16DACF1D95283B00C23138 /* Frameworks */ = {
			isa = PBXFrameworksBuildPhase;
			buildActionMask = 2147483647;
			files = (
			);
			runOnlyForDeploymentPostprocessing = 0;
		};
/* End PBXFrameworksBuildPhase section */

/* Begin PBXGroup section */
		1F16DAA51D95283A00C23138 = {
			isa = PBXGroup;
			children = (
				1F16DAB01D95283A00C23138 /* proj-ios-jso-dev */,
				1F16DACA1D95283B00C23138 /* proj-ios-jso-devTests */,
				1F16DAD51D95283B00C23138 /* proj-ios-jso-devUITests */,
				1F16DAAF1D95283A00C23138 /* Products */,
			);
			sourceTree = "<group>";
		};
		1F16DAAF1D95283A00C23138 /* Products */ = {
			isa = PBXGroup;
			children = (
				1F16DAAE1D95283A00C23138 /* proj-ios-jso-dev.app */,
				1F16DAC71D95283B00C23138 /* proj-ios-jso-devTests.xctest */,
				1F16DAD21D95283B00C23138 /* proj-ios-jso-devUITests.xctest */,
			);
			name = Products;
			sourceTree = "<group>";
		};
		1F16DAB01D95283A00C23138 /* proj-ios-jso-dev */ = {
			isa = PBXGroup;
			children = (
				1F16DAE41D95284900C23138 /* JSO.h */,
				1F16DAE51D95284900C23138 /* JSO.m */,
				1F16DAB41D95283A00C23138 /* AppDelegate.h */,
				1F16DAB51D95283A00C23138 /* AppDelegate.m */,
				1F16DAEA1D9528B000C23138 /* MainViewController.h */,
				1F16DAEB1D9528B000C23138 /* MainViewController.m */,
				1F16DABD1D95283A00C23138 /* Assets.xcassets */,
				1F16DABF1D95283A00C23138 /* LaunchScreen.storyboard */,
				1F16DAC21D95283A00C23138 /* Info.plist */,
				1F16DAB11D95283A00C23138 /* Supporting Files */,
			);
			path = "proj-ios-jso-dev";
			sourceTree = "<group>";
		};
		1F16DAB11D95283A00C23138 /* Supporting Files */ = {
			isa = PBXGroup;
			children = (
				1F16DAB21D95283A00C23138 /* main.m */,
			);
			name = "Supporting Files";
			sourceTree = "<group>";
		};
		1F16DACA1D95283B00C23138 /* proj-ios-jso-devTests */ = {
			isa = PBXGroup;
			children = (
				1F16DACB1D95283B00C23138 /* proj_ios_jso_devTests.m */,
				1F16DACD1D95283B00C23138 /* Info.plist */,
			);
			path = "proj-ios-jso-devTests";
			sourceTree = "<group>";
		};
		1F16DAD51D95283B00C23138 /* proj-ios-jso-devUITests */ = {
			isa = PBXGroup;
			children = (
				1F16DAD61D95283B00C23138 /* proj_ios_jso_devUITests.m */,
				1F16DAD81D95283B00C23138 /* Info.plist */,
			);
			path = "proj-ios-jso-devUITests";
			sourceTree = "<group>";
		};
/* End PBXGroup section */

/* Begin PBXNativeTarget section */
		1F16DAAD1D95283A00C23138 /* proj-ios-jso-dev */ = {
			isa = PBXNativeTarget;
			buildConfigurationList = 1F16DADB1D95283B00C23138 /* Build configuration list for PBXNativeTarget "proj-ios-jso-dev" */;
			buildPhases = (
				1F16DAAA1D95283A00C23138 /* Sources */,
				1F16DAAB1D95283A00C23138 /* Frameworks */,
				1F16DAAC1D95283A00C23138 /* Resources */,
			);
			buildRules = (
			);
			dependencies = (
			);
			name = "proj-ios-jso-dev";
			productName = "proj-ios-jso-dev";
			productReference = 1F16DAAE1D95283A00C23138 /* proj-ios-jso-dev.app */;
			productType = "com.apple.product-type.application";
		};
		1F16DAC61D95283B00C23138 /* proj-ios-jso-devTests */ = {
			isa = PBXNativeTarget;
			buildConfigurationList = 1F16DADE1D95283B00C23138 /* Build configuration list for PBXNativeTarget "proj-ios-jso-devTests" */;
			buildPhases = (
				1F16DAC31D95283B00C23138 /* Sources */,
				1F16DAC41D95283B00C23138 /* Frameworks */,
				1F16DAC51D95283B00C23138 /* Resources */,
			);
			buildRules = (
			);
			dependencies = (
				1F16DAC91D95283B00C23138 /* PBXTargetDependency */,
			);
			name = "proj-ios-jso-devTests";
			productName = "proj-ios-jso-devTests";
			productReference = 1F16DAC71D95283B00C23138 /* proj-ios-jso-devTests.xctest */;
			productType = "com.apple.product-type.bundle.unit-test";
		};
		1F16DAD11D95283B00C23138 /* proj-ios-jso-devUITests */ = {
			isa = PBXNativeTarget;
			buildConfigurationList = 1F16DAE11D95283B00C23138 /* Build configuration list for PBXNativeTarget "proj-ios-jso-devUITests" */;
			buildPhases = (
				1F16DACE1D95283B00C23138 /* Sources */,
				1F16DACF1D95283B00C23138 /* Frameworks */,
				1F16DAD01D95283B00C23138 /* Resources */,
			);
			buildRules = (
			);
			dependencies = (
				1F16DAD41D95283B00C23138 /* PBXTargetDependency */,
			);
			name = "proj-ios-jso-devUITests";
			productName = "proj-ios-jso-devUITests";
			productReference = 1F16DAD21D95283B00C23138 /* proj-ios-jso-devUITests.xctest */;
			productType = "com.apple.product-type.bundle.ui-testing";
		};
/* End PBXNativeTarget section */

/* Begin PBXProject section */
		1F16DAA61D95283A00C23138 /* Project object */ = {
			isa = PBXProject;
			attributes = {
				LastUpgradeCheck = 0730;
				ORGANIZATIONNAME = Cmptech;
				TargetAttributes = {
					1F16DAAD1D95283A00C23138 = {
						CreatedOnToolsVersion = 7.3;
					};
					1F16DAC61D95283B00C23138 = {
						CreatedOnToolsVersion = 7.3;
						TestTargetID = 1F16DAAD1D95283A00C23138;
					};
					1F16DAD11D95283B00C23138 = {
						CreatedOnToolsVersion = 7.3;
						TestTargetID = 1F16DAAD1D95283A00C23138;
					};
				};
			};
			buildConfigurationList = 1F16DAA91D95283A00C23138 /* Build configuration list for PBXProject "proj-ios-jso-dev" */;
			compatibilityVersion = "Xcode 3.2";
			developmentRegion = English;
			hasScannedForEncodings = 0;
			knownRegions = (
				en,
				Base,
			);
			mainGroup = 1F16DAA51D95283A00C23138;
			productRefGroup = 1F16DAAF1D95283A00C23138 /* Products */;
			projectDirPath = "";
			projectRoot = "";
			targets = (
				1F16DAAD1D95283A00C23138 /* proj-ios-jso-dev */,
				1F16DAC61D95283B00C23138 /* proj-ios-jso-devTests */,
				1F16DAD11D95283B00C23138 /* proj-ios-jso-devUITests */,
			);
		};
/* End PBXProject section */

/* Begin PBXResourcesBuildPhase section */
		1F16DAAC1D95283A00C23138 /* Resources */ = {
			isa = PBXResourcesBuildPhase;
			buildActionMask = 2147483647;
			files = (
				1F16DAC11D95283A00C23138 /* LaunchScreen.storyboard in Resources */,
				1F16DABE1D95283A00C23138 /* Assets.xcassets in Resources */,
			);
			runOnlyForDeploymentPostprocessing = 0;
		};
		1F16DAC51D95283B00C23138 /* Resources */ = {
			isa = PBXResourcesBuildPhase;
			buildActionMask = 2147483647;
			files = (
			);
			runOnlyForDeploymentPostprocessing = 0;
		};
		1F16DAD01D95283B00C23138 /* Resources */ = {
			isa = PBXResourcesBuildPhase;
			buildActionMask = 2147483647;
			files = (
			);
			runOnlyForDeploymentPostprocessing = 0;
		};
/* End PBXResourcesBuildPhase section */

/* Begin PBXSourcesBuildPhase section */
		1F16DAAA1D95283A00C23138 /* Sources */ = {
			isa = PBXSourcesBuildPhase;
			buildActionMask = 2147483647;
			files = (
				1F16DAE81D95284900C23138 /* JSO.m in Sources */,
				1F16DAB61D95283A00C23138 /* AppDelegate.m in Sources */,
				1F16DAEC1D9528B000C23138 /* MainViewController.m in Sources */,
				1F16DAB31D95283A00C23138 /* main.m in Sources */,
			);
			runOnlyForDeploymentPostprocessing = 0;
		};
		1F16DAC31D95283B00C23138 /* Sources */ = {
			isa = PBXSourcesBuildPhase;
			buildActionMask = 2147483647;
			files = (
				1F16DACC1D95283B00C23138 /* proj_ios_jso_devTests.m in Sources */,
			);
			runOnlyForDeploymentPostprocessing = 0;
		};
		1F16DACE1D95283B00C23138 /* Sources */ = {
			isa = PBXSourcesBuildPhase;
			buildActionMask = 2147483647;
			files = (
				1F16DAD71D95283B00C23138 /* proj_ios_jso_devUITests.m in Sources */,
			);
			runOnlyForDeploymentPostprocessing = 0;
		};
/* End PBXSourcesBuildPhase section */

/* Begin PBXTargetDependency section */
		1F16DAC91D95283B00C23138 /* PBXTargetDependency */ = {
			isa = PBXTargetDependency;
			target = 1F16DAAD1D95283A00C23138 /* proj-ios-jso-dev */;
			targetProxy = 1F16DAC81D95283B00C23138 /* PBXContainerItemProxy */;
		};
		1F16DAD41D95283B00C23138 /* PBXTargetDependency */ = {
			isa = PBXTargetDependency;
			target = 1F16DAAD1D95283A00C23138 /* proj-ios-jso-dev */;
			targetProxy = 1F16DAD31D95283B00C23138 /* PBXContainerItemProxy */;
		};
/* End PBXTargetDependency section */

/* Begin PBXVariantGroup section */
		1F16DABF1D95283A00C23138 /* LaunchScreen.storyboard */ = {
			isa = PBXVariantGroup;
			children = (
				1F16DAC01D95283A00C23138 /* Base */,
			);
			name = LaunchScreen.storyboard;
			sourceTree = "<group>";
		};
/* End PBXVariantGroup section */

/* Begin XCBuildConfiguration section */
		1F16DAD91D95283B00C23138 /* Debug */ = {
			isa = XCBuildConfiguration;
			buildSettings = {
				ALWAYS_SEARCH_USER_PATHS = NO;
				CLANG_ANALYZER_NONNULL = YES;
				CLANG_CXX_LANGUAGE_STANDARD = "gnu++0x";
				CLANG_CXX_LIBRARY = "libc++";
				CLANG_ENABLE_MODULES = YES;
				CLANG_ENABLE_OBJC_ARC = YES;
				CLANG_WARN_BOOL_CONVERSION = YES;
				CLANG_WARN_CONSTANT_CONVERSION = YES;
				CLANG_WARN_DIRECT_OBJC_ISA_USAGE = YES_ERROR;
				CLANG_WARN_EMPTY_BODY = YES;
				CLANG_WARN_ENUM_CONVERSION = YES;
				CLANG_WARN_INT_CONVERSION = YES;
				CLANG_WARN_OBJC_ROOT_CLASS = YES_ERROR;
				CLANG_WARN_UNREACHABLE_CODE = YES;
				CLANG_WARN__DUPLICATE_METHOD_MATCH = YES;
				"CODE_SIGN_IDENTITY[sdk=iphoneos*]" = "iPhone Developer";
				COPY_PHASE_STRIP = NO;
				DEBUG_INFORMATION_FORMAT = dwarf;
				ENABLE_STRICT_OBJC_MSGSEND = YES;
				ENABLE_TESTABILITY = YES;
				GCC_C_LANGUAGE_STANDARD = gnu99;
				GCC_DYNAMIC_NO_PIC = NO;
				GCC_NO_COMMON_BLOCKS = YES;
				GCC_OPTIMIZATION_LEVEL = 0;
				GCC_PREPROCESSOR_DEFINITIONS = (
					"DEBUG=1",
					"$(inherited)",
				);
				GCC_WARN_64_TO_32_BIT_CONVERSION = YES;
				GCC_WARN_ABOUT_RETURN_TYPE = YES_ERROR;
				GCC_WARN_UNDECLARED_SELECTOR = YES;
				GCC_WARN_UNINITIALIZED_AUTOS = YES_AGGRESSIVE;
				GCC_WARN_UNUSED_FUNCTION = YES;
				GCC_WARN_UNUSED_VARIABLE = YES;
				IPHONEOS_DEPLOYMENT_TARGET = 9.3;
				MTL_ENABLE_DEBUG_INFO = YES;
				ONLY_ACTIVE_ARCH = YES;
				SDKROOT = iphoneos;
				TARGETED_DEVICE_FAMILY = "1,2";
			};
			name = Debug;
		};
		1F16DADA1D95283B00C23138 /* Release */ = {
			isa = XCBuildConfiguration;
			buildSettings = {
				ALWAYS_SEARCH_USER_PATHS = NO;
				CLANG_ANALYZER_NONNULL = YES;
				CLANG_CXX_LANGUAGE_STANDARD = "gnu++0x";
				CLANG_CXX_LIBRARY = "libc++";
				CLANG_ENABLE_MODULES = YES;
				CLANG_ENABLE_OBJC_ARC = YES;
				CLANG_WARN_BOOL_CONVERSION = YES;
				CLANG_WARN_CONSTANT_CONVERSION = YES;
				CLANG_WARN_DIRECT_OBJC_ISA_USAGE = YES_ERROR;
				CLANG_WARN_EMPTY_BODY = YES;
				CLANG_WARN_ENUM_CONVERSION = YES;
				CLANG_WARN_INT_CONVERSION = YES;
				CLANG_WARN_OBJC_ROOT_CLASS = YES_ERROR;
				CLANG_WARN_UNREACHABLE_CODE = YES;
				CLANG_WARN__DUPLICATE_METHOD_MATCH = YES;
				"CODE_SIGN_IDENTITY[sdk=iphoneos*]" = "iPhone Developer";
				COPY_PHASE_STRIP = NO;
				DEBUG_INFORMATION_FORMAT = "dwarf-with-dsym";
				ENABLE_NS_ASSERTIONS = NO;
				ENABLE_STRICT_OBJC_MSGSEND = YES;
				GCC_C_LANGUAGE_STANDARD = gnu99;
				GCC_NO_COMMON_BLOCKS = YES;
				GCC_WARN_64_TO_32_BIT_CONVERSION = YES;
				GCC_WARN_ABOUT_RETURN_TYPE = YES_ERROR;
				GCC_WARN_UNDECLARED_SELECTOR = YES;
				GCC_WARN_UNINITIALIZED_AUTOS = YES_AGGRESSIVE;
				GCC_WARN_UNUSED_FUNCTION = YES;
				GCC_WARN_UNUSED_VARIABLE = YES;
				IPHONEOS_DEPLOYMENT_TARGET = 9.3;
				MTL_ENABLE_DEBUG_INFO = NO;
				SDKROOT = iphoneos;
				TARGETED_DEVICE_FAMILY = "1,2";
				VALIDATE_PRODUCT = YES;
			};
			name = Release;
		};
		1F16DADC1D95283B00C23138 /* Debug */ = {
			isa = XCBuildConfiguration;
			buildSettings = {
				ASSETCATALOG_COMPILER_APPICON_NAME = AppIcon;
				INFOPLIST_FILE = "proj-ios-jso-dev/Info.plist";
				LD_RUNPATH_SEARCH_PATHS = "$(inherited) @executable_path/Frameworks";
				PRODUCT_BUNDLE_IDENTIFIER = "info.cmptech.proj-ios-jso-dev";
				PRODUCT_NAME = "$(TARGET_NAME)";
			};
			name = Debug;
		};
		1F16DADD1D95283B00C23138 /* Release */ = {
			isa = XCBuildConfiguration;
			buildSettings = {
				ASSETCATALOG_COMPILER_APPICON_NAME = AppIcon;
				INFOPLIST_FILE = "proj-ios-jso-dev/Info.plist";
				LD_RUNPATH_SEARCH_PATHS = "$(inherited) @executable_path/Frameworks";
				PRODUCT_BUNDLE_IDENTIFIER = "info.cmptech.proj-ios-jso-dev";
				PRODUCT_NAME = "$(TARGET_NAME)";
			};
			name = Release;
		};
		1F16DADF1D95283B00C23138 /* Debug */ = {
			isa = XCBuildConfiguration;
			buildSettings = {
				BUNDLE_LOADER = "$(TEST_HOST)";
				INFOPLIST_FILE = "proj-ios-jso-devTests/Info.plist";
				LD_RUNPATH_SEARCH_PATHS = "$(inherited) @executable_path/Frameworks @loader_path/Frameworks";
				PRODUCT_BUNDLE_IDENTIFIER = "info.cmptech.proj-ios-jso-devTests";
				PRODUCT_NAME = "$(TARGET_NAME)";
				TEST_HOST = "$(BUILT_PRODUCTS_DIR)/proj-ios-jso-dev.app/proj-ios-jso-dev";
			};
			name = Debug;
		};
		1F16DAE01D95283B00C23138 /* Release */ = {
			isa = XCBuildConfiguration;
			buildSettings = {
				BUNDLE_LOADER = "$(TEST_HOST)";
				INFOPLIST_FILE = "proj-ios-jso-devTests/Info.plist";
				LD_RUNPATH_SEARCH_PATHS = "$(inherited) @executable_path/Frameworks @loader_path/Frameworks";
				PRODUCT_BUNDLE_IDENTIFIER = "info.cmptech.proj-ios-jso-devTests";
				PRODUCT_NAME = "$(TARGET_NAME)";
				TEST_HOST = "$(BUILT_PRODUCTS_DIR)/proj-ios-jso-dev.app/proj-ios-jso-dev";
			};
			name = Release;
		};
		1F16DAE21D95283B00C23138 /* Debug */ = {
			isa = XCBuildConfiguration;
			buildSettings = {
				INFOPLIST_FILE = "proj-ios-jso-devUITests/Info.plist";
				LD_RUNPATH_SEARCH_PATHS = "$(inherited) @executable_path/Frameworks @loader_path/Frameworks";
				PRODUCT_BUNDLE_IDENTIFIER = "info.cmptech.proj-ios-jso-devUITests";
				PRODUCT_NAME = "$(TARGET_NAME)";
				TEST_TARGET_NAME = "proj-ios-jso-dev";
			};
			name = Debug;
		};
		1F16DAE31D95283B00C23138 /* Release */ = {
			isa = XCBuildConfiguration;
			buildSettings = {
				INFOPLIST_FILE = "proj-ios-jso-devUITests/Info.plist";
				LD_RUNPATH_SEARCH_PATHS = "$(inherited) @executable_path/Frameworks @loader_path/Frameworks";
				PRODUCT_BUNDLE_IDENTIFIER = "info.cmptech.proj-ios-jso-devUITests";
				PRODUCT_NAME = "$(TARGET_NAME)";
				TEST_TARGET_NAME = "proj-ios-jso-dev";
			};
			name = Release;
		};
/* End XCBuildConfiguration section */

/* Begin XCConfigurationList section */
		1F16DAA91D95283A00C23138 /* Build configuration list for PBXProject "proj-ios-jso-dev" */ = {
			isa = XCConfigurationList;
			buildConfigurations = (
				1F16DAD91D95283B00C23138 /* Debug */,
				1F16DADA1D95283B00C23138 /* Release */,
			);
			defaultConfigurationIsVisible = 0;
			defaultConfigurationName = Release;
		};
		1F16DADB1D95283B00C23138 /* Build configuration list for PBXNativeTarget "proj-ios-jso-dev" */ = {
			isa = XCConfigurationList;
			buildConfigurations = (
				1F16DADC1D95283B00C23138 /* Debug */,
				1F16DADD1D95283B00C23138 /* Release */,
			);
			defaultConfigurationIsVisible = 0;
			defaultConfigurationName = Release;
		};
		1F16DADE1D95283B00C23138 /* Build configuration list for PBXNativeTarget "proj-ios-jso-devTests" */ = {
			isa = XCConfigurationList;
			buildConfigurations = (
				1F16DADF1D95283B00C23138 /* Debug */,
				1F16DAE01D95283B00C23138 /* Release */,
			);
			defaultConfigurationIsVisible = 0;
			defaultConfigurationName = Release;
		};
		1F16DAE11D95283B00C23138 /* Build configuration list for PBXNativeTarget "proj-ios-jso-devUITests" */ = {
			isa = XCConfigurationList;
			buildConfigurations = (
				1F16DAE21D95283B00C23138 /* Debug */,
				1F16DAE31D95283B00C23138 /* Release */,
			);
			defaultConfigurationIsVisible = 0;
			defaultConfigurationName = Release;
		};
/* End XCConfigurationList section */
	};
	rootObject = 1F16DAA61D95283A00C23138 /* Project object */;
}
